
Microsoft Visual Studio Solution File, Format Version 12.00
# Visual Studio Version 17
VisualStudioVersion = 17.13.35818.85
MinimumVisualStudioVersion = 10.0.40219.1
Project("{FAE04EC0-301F-11D3-BF4B-00C04F79EFBC}") = "gw2stacks_blish", "gw2stacks_blish.csproj", "{27A8F75D-1873-4646-BD13-48E395BCF641}"
EndProject
Global
	GlobalSection(SolutionConfigurationPlatforms) = preSolution
		Debug|x64 = Debug|x64
		Release|x64 = Release|x64
	EndGlobalSection
	GlobalSection(ProjectConfigurationPlatforms) = postSolution
		{27A8F75D-1873-4646-BD13-48E395BCF641}.Debug|x64.ActiveCfg = Debug|x64
		{27A8F75D-1873-4646-BD13-48E395BCF641}.Debug|x64.Build.0 = Debug|x64
		{27A8F75D-1873-4646-BD13-48E395BCF641}.Release|x64.ActiveCfg = Release|x64
		{27A8F75D-1873-4646-BD13-48E395BCF641}.Release|x64.Build.0 = Release|x64
	EndGlobalSection
	GlobalSection(SolutionProperties) = preSolution
		HideSolutionNode = FALSE
	EndGlobalSection
	GlobalSection(ExtensibilityGlobals) = postSolution
		SolutionGuid = {5DC9D38E-1ED4-44E0-8500-385718110737}
	EndGlobalSection
EndGlobal
